
Microsoft Visual Studio Solution File, Format Version 12.00
# Visual Studio Version 17
VisualStudioVersion = 17.13.35931.197 d17.13
MinimumVisualStudioVersion = 10.0.40219.1
Project("{FAE04EC0-301F-11D3-BF4B-00C04F79EFBC}") = "akademik_db", "akademik_db\akademik_db.csproj", "{5A4F18BE-B748-4FA4-975A-D6E74CD0B77C}"
EndProject
Global
	GlobalSection(SolutionConfigurationPlatforms) = preSolution
		Debug|Any CPU = Debug|Any CPU
		Release|Any CPU = Release|Any CPU
	EndGlobalSection
	GlobalSection(ProjectConfigurationPlatforms) = postSolution
		{5A4F18BE-B748-4FA4-975A-D6E74CD0B77C}.Debug|Any CPU.ActiveCfg = Debug|Any CPU
		{5A4F18BE-B748-4FA4-975A-D6E74CD0B77C}.Debug|Any CPU.Build.0 = Debug|Any CPU
		{5A4F18BE-B748-4FA4-975A-D6E74CD0B77C}.Release|Any CPU.ActiveCfg = Release|Any CPU
		{5A4F18BE-B748-4FA4-975A-D6E74CD0B77C}.Release|Any CPU.Build.0 = Release|Any CPU
	EndGlobalSection
	GlobalSection(SolutionProperties) = preSolution
		HideSolutionNode = FALSE
	EndGlobalSection
	GlobalSection(ExtensibilityGlobals) = postSolution
		SolutionGuid = {6C7AC9B7-6E8A-4864-8C5D-0FFA1C880478}
	EndGlobalSection
EndGlobal
